{
  "name": "audit-report",
  "version": "1.0.0",
  "lockfileVersion": 1,
  "requires": true,
  "dependencies": {
    "reveal.js-menu": {
      "version": "2.1.0",
      "resolved": "https://registry.npmjs.org/reveal.js-menu/-/reveal.js-menu-2.1.0.tgz",
      "integrity": "sha512-35zp4fHSMyWd15+3CvQ8LrpS+4Gj2qvlkxX3lo5LpITDe6ZkA4A9y1E5fE63YlQl5fp7W1mNgNJr4kCU0s14lA=="
    }
  }
}
